// !$*UTF8*$!
{
	archiveVersion = 1;
	classes = {
	};
	objectVersion = 77;
	objects = {

/* Begin PBXContainerItemProxy section */
		C724DFA62EC1C76E00B62E1C /* PBXContainerItemProxy */ = {
			isa = PBXContainerItemProxy;
			containerPortal = C724DF8D2EC1C76C00B62E1C /* Project object */;
			proxyType = 1;
			remoteGlobalIDString = C724DF942EC1C76C00B62E1C;
			remoteInfo = S25W10MvvmSwiftUi;
		};
		C724DFB02EC1C76E00B62E1C /* PBXContainerItemProxy */ = {
			isa = PBXContainerItemProxy;
			containerPortal = C724DF8D2EC1C76C00B62E1C /* Project object */;
			proxyType = 1;
			remoteGlobalIDString = C724DF942EC1C76C00B62E1C;
			remoteInfo = S25W10MvvmSwiftUi;
		};
/* End PBXContainerItemProxy section */

/* Begin PBXFileReference section */
		C724DF952EC1C76C00B62E1C /* S25W10MvvmSwiftUi.app */ = {isa = PBXFileReference; explicitFileType = wrapper.application; includeInIndex = 0; path = S25W10MvvmSwiftUi.app; sourceTree = BUILT_PRODUCTS_DIR; };
		C724DFA52EC1C76E00B62E1C /* S25W10MvvmSwiftUiTests.xctest */ = {isa = PBXFileReference; explicitFileType = wrapper.cfbundle; includeInIndex = 0; path = S25W10MvvmSwiftUiTests.xctest; sourceTree = BUILT_PRODUCTS_DIR; };
		C724DFAF2EC1C76E00B62E1C /* S25W10MvvmSwiftUiUITests.xctest */ = {isa = PBXFileReference; explicitFileType = wrapper.cfbundle; includeInIndex = 0; path = S25W10MvvmSwiftUiUITests.xctest; sourceTree = BUILT_PRODUCTS_DIR; };
/* End PBXFileReference section */

/* Begin PBXFileSystemSynchronizedRootGroup section */
		C724DF972EC1C76C00B62E1C /* S25W10MvvmSwiftUi */ = {
			isa = PBXFileSystemSynchronizedRootGroup;
			path = S25W10MvvmSwiftUi;
			sourceTree = "<group>";
		};
		C724DFA82EC1C76E00B62E1C /* S25W10MvvmSwiftUiTests */ = {
			isa = PBXFileSystemSynchronizedRootGroup;
			path = S25W10MvvmSwiftUiTests;
			sourceTree = "<group>";
		};
		C724DFB22EC1C76E00B62E1C /* S25W10MvvmSwiftUiUITests */ = {
			isa = PBXFileSystemSynchronizedRootGroup;
			path = S25W10MvvmSwiftUiUITests;
			sourceTree = "<group>";
		};
/* End PBXFileSystemSynchronizedRootGroup section */

/* Begin PBXFrameworksBuildPhase section */
		C724DF922EC1C76C00B62E1C /* Frameworks */ = {
			isa = PBXFrameworksBuildPhase;
			buildActionMask = 2147483647;
			files = (
			);
			runOnlyForDeploymentPostprocessing = 0;
		};
		C724DFA22EC1C76E00B62E1C /* Frameworks */ = {
			isa = PBXFrameworksBuildPhase;
			buildActionMask = 2147483647;
			files = (
			);
			runOnlyForDeploymentPostprocessing = 0;
		};
		C724DFAC2EC1C76E00B62E1C /* Frameworks */ = {
			isa = PBXFrameworksBuildPhase;
			buildActionMask = 2147483647;
			files = (
			);
			runOnlyForDeploymentPostprocessing = 0;
		};
/* End PBXFrameworksBuildPhase section */

/* Begin PBXGroup section */
		C724DF8C2EC1C76C00B62E1C = {
			isa = PBXGroup;
			children = (
				C724DF972EC1C76C00B62E1C /* S25W10MvvmSwiftUi */,
				C724DFA82EC1C76E00B62E1C /* S25W10MvvmSwiftUiTests */,
				C724DFB22EC1C76E00B62E1C /* S25W10MvvmSwiftUiUITests */,
				C724DF962EC1C76C00B62E1C /* Products */,
			);
			sourceTree = "<group>";
		};
		C724DF962EC1C76C00B62E1C /* Products */ = {
			isa = PBXGroup;
			children = (
				C724DF952EC1C76C00B62E1C /* S25W10MvvmSwiftUi.app */,
				C724DFA52EC1C76E00B62E1C /* S25W10MvvmSwiftUiTests.xctest */,
				C724DFAF2EC1C76E00B62E1C /* S25W10MvvmSwiftUiUITests.xctest */,
			);
			name = Products;
			sourceTree = "<group>";
		};
/* End PBXGroup section */

/* Begin PBXNativeTarget section */
		C724DF942EC1C76C00B62E1C /* S25W10MvvmSwiftUi */ = {
			isa = PBXNativeTarget;
			buildConfigurationList = C724DFB92EC1C76E00B62E1C /* Build configuration list for PBXNativeTarget "S25W10MvvmSwiftUi" */;
			buildPhases = (
				C724DF912EC1C76C00B62E1C /* Sources */,
				C724DF922EC1C76C00B62E1C /* Frameworks */,
				C724DF932EC1C76C00B62E1C /* Resources */,
			);
			buildRules = (
			);
			dependencies = (
			);
			fileSystemSynchronizedGroups = (
				C724DF972EC1C76C00B62E1C /* S25W10MvvmSwiftUi */,
			);
			name = S25W10MvvmSwiftUi;
			packageProductDependencies = (
			);
			productName = S25W10MvvmSwiftUi;
			productReference = C724DF952EC1C76C00B62E1C /* S25W10MvvmSwiftUi.app */;
			productType = "com.apple.product-type.application";
		};
		C724DFA42EC1C76E00B62E1C /* S25W10MvvmSwiftUiTests */ = {
			isa = PBXNativeTarget;
			buildConfigurationList = C724DFBC2EC1C76E00B62E1C /* Build configuration list for PBXNativeTarget "S25W10MvvmSwiftUiTests" */;
			buildPhases = (
				C724DFA12EC1C76E00B62E1C /* Sources */,
				C724DFA22EC1C76E00B62E1C /* Frameworks */,
				C724DFA32EC1C76E00B62E1C /* Resources */,
			);
			buildRules = (
			);
			dependencies = (
				C724DFA72EC1C76E00B62E1C /* PBXTargetDependency */,
			);
			fileSystemSynchronizedGroups = (
				C724DFA82EC1C76E00B62E1C /* S25W10MvvmSwiftUiTests */,
			);
			name = S25W10MvvmSwiftUiTests;
			packageProductDependencies = (
			);
			productName = S25W10MvvmSwiftUiTests;
			productReference = C724DFA52EC1C76E00B62E1C /* S25W10MvvmSwiftUiTests.xctest */;
			productType = "com.apple.product-type.bundle.unit-test";
		};
		C724DFAE2EC1C76E00B62E1C /* S25W10MvvmSwiftUiUITests */ = {
			isa = PBXNativeTarget;
			buildConfigurationList = C724DFBF2EC1C76E00B62E1C /* Build configuration list for PBXNativeTarget "S25W10MvvmSwiftUiUITests" */;
			buildPhases = (
				C724DFAB2EC1C76E00B62E1C /* Sources */,
				C724DFAC2EC1C76E00B62E1C /* Frameworks */,
				C724DFAD2EC1C76E00B62E1C /* Resources */,
			);
			buildRules = (
			);
			dependencies = (
				C724DFB12EC1C76E00B62E1C /* PBXTargetDependency */,
			);
			fileSystemSynchronizedGroups = (
				C724DFB22EC1C76E00B62E1C /* S25W10MvvmSwiftUiUITests */,
			);
			name = S25W10MvvmSwiftUiUITests;
			packageProductDependencies = (
			);
			productName = S25W10MvvmSwiftUiUITests;
			productReference = C724DFAF2EC1C76E00B62E1C /* S25W10MvvmSwiftUiUITests.xctest */;
			productType = "com.apple.product-type.bundle.ui-testing";
		};
/* End PBXNativeTarget section */

/* Begin PBXProject section */
		C724DF8D2EC1C76C00B62E1C /* Project object */ = {
			isa = PBXProject;
			attributes = {
				BuildIndependentTargetsInParallel = 1;
				LastSwiftUpdateCheck = 1620;
				LastUpgradeCheck = 1620;
				TargetAttributes = {
					C724DF942EC1C76C00B62E1C = {
						CreatedOnToolsVersion = 16.2;
					};
					C724DFA42EC1C76E00B62E1C = {
						CreatedOnToolsVersion = 16.2;
						TestTargetID = C724DF942EC1C76C00B62E1C;
					};
					C724DFAE2EC1C76E00B62E1C = {
						CreatedOnToolsVersion = 16.2;
						TestTargetID = C724DF942EC1C76C00B62E1C;
					};
				};
			};
			buildConfigurationList = C724DF902EC1C76C00B62E1C /* Build configuration list for PBXProject "S25W10MvvmSwiftUi" */;
			developmentRegion = en;
			hasScannedForEncodings = 0;
			knownRegions = (
				en,
				Base,
			);
			mainGroup = C724DF8C2EC1C76C00B62E1C;
			minimizedProjectReferenceProxies = 1;
			preferredProjectObjectVersion = 77;
			productRefGroup = C724DF962EC1C76C00B62E1C /* Products */;
			projectDirPath = "";
			projectRoot = "";
			targets = (
				C724DF942EC1C76C00B62E1C /* S25W10MvvmSwiftUi */,
				C724DFA42EC1C76E00B62E1C /* S25W10MvvmSwiftUiTests */,
				C724DFAE2EC1C76E00B62E1C /* S25W10MvvmSwiftUiUITests */,
			);
		};
/* End PBXProject section */

/* Begin PBXResourcesBuildPhase section */
		C724DF932EC1C76C00B62E1C /* Resources */ = {
			isa = PBXResourcesBuildPhase;
			buildActionMask = 2147483647;
			files = (
			);
			runOnlyForDeploymentPostprocessing = 0;
		};
		C724DFA32EC1C76E00B62E1C /* Resources */ = {
			isa = PBXResourcesBuildPhase;
			buildActionMask = 2147483647;
			files = (
			);
			runOnlyForDeploymentPostprocessing = 0;
		};
		C724DFAD2EC1C76E00B62E1C /* Resources */ = {
			isa = PBXResourcesBuildPhase;
			buildActionMask = 2147483647;
			files = (
			);
			runOnlyForDeploymentPostprocessing = 0;
		};
/* End PBXResourcesBuildPhase section */

/* Begin PBXSourcesBuildPhase section */
		C724DF912EC1C76C00B62E1C /* Sources */ = {
			isa = PBXSourcesBuildPhase;
			buildActionMask = 2147483647;
			files = (
			);
			runOnlyForDeploymentPostprocessing = 0;
		};
		C724DFA12EC1C76E00B62E1C /* Sources */ = {
			isa = PBXSourcesBuildPhase;
			buildActionMask = 2147483647;
			files = (
			);
			runOnlyForDeploymentPostprocessing = 0;
		};
		C724DFAB2EC1C76E00B62E1C /* Sources */ = {
			isa = PBXSourcesBuildPhase;
			buildActionMask = 2147483647;
			files = (
			);
			runOnlyForDeploymentPostprocessing = 0;
		};
/* End PBXSourcesBuildPhase section */

/* Begin PBXTargetDependency section */
		C724DFA72EC1C76E00B62E1C /* PBXTargetDependency */ = {
			isa = PBXTargetDependency;
			target = C724DF942EC1C76C00B62E1C /* S25W10MvvmSwiftUi */;
			targetProxy = C724DFA62EC1C76E00B62E1C /* PBXContainerItemProxy */;
		};
		C724DFB12EC1C76E00B62E1C /* PBXTargetDependency */ = {
			isa = PBXTargetDependency;
			target = C724DF942EC1C76C00B62E1C /* S25W10MvvmSwiftUi */;
			targetProxy = C724DFB02EC1C76E00B62E1C /* PBXContainerItemProxy */;
		};
/* End PBXTargetDependency section */

/* Begin XCBuildConfiguration section */
		C724DFB72EC1C76E00B62E1C /* Debug */ = {
			isa = XCBuildConfiguration;
			buildSettings = {
				ALWAYS_SEARCH_USER_PATHS = NO;
				ASSETCATALOG_COMPILER_GENERATE_SWIFT_ASSET_SYMBOL_EXTENSIONS = YES;
				CLANG_ANALYZER_NONNULL = YES;
				CLANG_ANALYZER_NUMBER_OBJECT_CONVERSION = YES_AGGRESSIVE;
				CLANG_CXX_LANGUAGE_STANDARD = "gnu++20";
				CLANG_ENABLE_MODULES = YES;
				CLANG_ENABLE_OBJC_ARC = YES;
				CLANG_ENABLE_OBJC_WEAK = YES;
				CLANG_WARN_BLOCK_CAPTURE_AUTORELEASING = YES;
				CLANG_WARN_BOOL_CONVERSION = YES;
				CLANG_WARN_COMMA = YES;
				CLANG_WARN_CONSTANT_CONVERSION = YES;
				CLANG_WARN_DEPRECATED_OBJC_IMPLEMENTATIONS = YES;
				CLANG_WARN_DIRECT_OBJC_ISA_USAGE = YES_ERROR;
				CLANG_WARN_DOCUMENTATION_COMMENTS = YES;
				CLANG_WARN_EMPTY_BODY = YES;
				CLANG_WARN_ENUM_CONVERSION = YES;
				CLANG_WARN_INFINITE_RECURSION = YES;
				CLANG_WARN_INT_CONVERSION = YES;
				CLANG_WARN_NON_LITERAL_NULL_CONVERSION = YES;
				CLANG_WARN_OBJC_IMPLICIT_RETAIN_SELF = YES;
				CLANG_WARN_OBJC_LITERAL_CONVERSION = YES;
				CLANG_WARN_OBJC_ROOT_CLASS = YES_ERROR;
				CLANG_WARN_QUOTED_INCLUDE_IN_FRAMEWORK_HEADER = YES;
				CLANG_WARN_RANGE_LOOP_ANALYSIS = YES;
				CLANG_WARN_STRICT_PROTOTYPES = YES;
				CLANG_WARN_SUSPICIOUS_MOVE = YES;
				CLANG_WARN_UNGUARDED_AVAILABILITY = YES_AGGRESSIVE;
				CLANG_WARN_UNREACHABLE_CODE = YES;
				CLANG_WARN__DUPLICATE_METHOD_MATCH = YES;
				COPY_PHASE_STRIP = NO;
				DEBUG_INFORMATION_FORMAT = dwarf;
				ENABLE_STRICT_OBJC_MSGSEND = YES;
				ENABLE_TESTABILITY = YES;
				ENABLE_USER_SCRIPT_SANDBOXING = YES;
				GCC_C_LANGUAGE_STANDARD = gnu17;
				GCC_DYNAMIC_NO_PIC = NO;
				GCC_NO_COMMON_BLOCKS = YES;
				GCC_OPTIMIZATION_LEVEL = 0;
				GCC_PREPROCESSOR_DEFINITIONS = (
					"DEBUG=1",
					"$(inherited)",
				);
				GCC_WARN_64_TO_32_BIT_CONVERSION = YES;
				GCC_WARN_ABOUT_RETURN_TYPE = YES_ERROR;
				GCC_WARN_UNDECLARED_SELECTOR = YES;
				GCC_WARN_UNINITIALIZED_AUTOS = YES_AGGRESSIVE;
				GCC_WARN_UNUSED_FUNCTION = YES;
				GCC_WARN_UNUSED_VARIABLE = YES;
				IPHONEOS_DEPLOYMENT_TARGET = 18.2;
				LOCALIZATION_PREFERS_STRING_CATALOGS = YES;
				MTL_ENABLE_DEBUG_INFO = INCLUDE_SOURCE;
				MTL_FAST_MATH = YES;
				ONLY_ACTIVE_ARCH = YES;
				SDKROOT = iphoneos;
				SWIFT_ACTIVE_COMPILATION_CONDITIONS = "DEBUG $(inherited)";
				SWIFT_OPTIMIZATION_LEVEL = "-Onone";
			};
			name = Debug;
		};
		C724DFB82EC1C76E00B62E1C /* Release */ = {
			isa = XCBuildConfiguration;
			buildSettings = {
				ALWAYS_SEARCH_USER_PATHS = NO;
				ASSETCATALOG_COMPILER_GENERATE_SWIFT_ASSET_SYMBOL_EXTENSIONS = YES;
				CLANG_ANALYZER_NONNULL = YES;
				CLANG_ANALYZER_NUMBER_OBJECT_CONVERSION = YES_AGGRESSIVE;
				CLANG_CXX_LANGUAGE_STANDARD = "gnu++20";
				CLANG_ENABLE_MODULES = YES;
				CLANG_ENABLE_OBJC_ARC = YES;
				CLANG_ENABLE_OBJC_WEAK = YES;
				CLANG_WARN_BLOCK_CAPTURE_AUTORELEASING = YES;
				CLANG_WARN_BOOL_CONVERSION = YES;
				CLANG_WARN_COMMA = YES;
				CLANG_WARN_CONSTANT_CONVERSION = YES;
				CLANG_WARN_DEPRECATED_OBJC_IMPLEMENTATIONS = YES;
				CLANG_WARN_DIRECT_OBJC_ISA_USAGE = YES_ERROR;
				CLANG_WARN_DOCUMENTATION_COMMENTS = YES;
				CLANG_WARN_EMPTY_BODY = YES;
				CLANG_WARN_ENUM_CONVERSION = YES;
				CLANG_WARN_INFINITE_RECURSION = YES;
				CLANG_WARN_INT_CONVERSION = YES;
				CLANG_WARN_NON_LITERAL_NULL_CONVERSION = YES;
				CLANG_WARN_OBJC_IMPLICIT_RETAIN_SELF = YES;
				CLANG_WARN_OBJC_LITERAL_CONVERSION = YES;
				CLANG_WARN_OBJC_ROOT_CLASS = YES_ERROR;
				CLANG_WARN_QUOTED_INCLUDE_IN_FRAMEWORK_HEADER = YES;
				CLANG_WARN_RANGE_LOOP_ANALYSIS = YES;
				CLANG_WARN_STRICT_PROTOTYPES = YES;
				CLANG_WARN_SUSPICIOUS_MOVE = YES;
				CLANG_WARN_UNGUARDED_AVAILABILITY = YES_AGGRESSIVE;
				CLANG_WARN_UNREACHABLE_CODE = YES;
				CLANG_WARN__DUPLICATE_METHOD_MATCH = YES;
				COPY_PHASE_STRIP = NO;
				DEBUG_INFORMATION_FORMAT = "dwarf-with-dsym";
				ENABLE_NS_ASSERTIONS = NO;
				ENABLE_STRICT_OBJC_MSGSEND = YES;
				ENABLE_USER_SCRIPT_SANDBOXING = YES;
				GCC_C_LANGUAGE_STANDARD = gnu17;
				GCC_NO_COMMON_BLOCKS = YES;
				GCC_WARN_64_TO_32_BIT_CONVERSION = YES;
				GCC_WARN_ABOUT_RETURN_TYPE = YES_ERROR;
				GCC_WARN_UNDECLARED_SELECTOR = YES;
				GCC_WARN_UNINITIALIZED_AUTOS = YES_AGGRESSIVE;
				GCC_WARN_UNUSED_FUNCTION = YES;
				GCC_WARN_UNUSED_VARIABLE = YES;
				IPHONEOS_DEPLOYMENT_TARGET = 18.2;
				LOCALIZATION_PREFERS_STRING_CATALOGS = YES;
				MTL_ENABLE_DEBUG_INFO = NO;
				MTL_FAST_MATH = YES;
				SDKROOT = iphoneos;
				SWIFT_COMPILATION_MODE = wholemodule;
				VALIDATE_PRODUCT = YES;
			};
			name = Release;
		};
		C724DFBA2EC1C76E00B62E1C /* Debug */ = {
			isa = XCBuildConfiguration;
			buildSettings = {
				ASSETCATALOG_COMPILER_APPICON_NAME = AppIcon;
				ASSETCATALOG_COMPILER_GLOBAL_ACCENT_COLOR_NAME = AccentColor;
				CODE_SIGN_STYLE = Automatic;
				CURRENT_PROJECT_VERSION = 1;
				DEVELOPMENT_ASSET_PATHS = "\"S25W10MvvmSwiftUi/Preview Content\"";
				DEVELOPMENT_TEAM = 5H5VV6695M;
				ENABLE_PREVIEWS = YES;
				GENERATE_INFOPLIST_FILE = YES;
				INFOPLIST_KEY_UIApplicationSceneManifest_Generation = YES;
				INFOPLIST_KEY_UIApplicationSupportsIndirectInputEvents = YES;
				INFOPLIST_KEY_UILaunchScreen_Generation = YES;
				INFOPLIST_KEY_UISupportedInterfaceOrientations_iPad = "UIInterfaceOrientationPortrait UIInterfaceOrientationPortraitUpsideDown UIInterfaceOrientationLandscapeLeft UIInterfaceOrientationLandscapeRight";
				INFOPLIST_KEY_UISupportedInterfaceOrientations_iPhone = "UIInterfaceOrientationPortrait UIInterfaceOrientationLandscapeLeft UIInterfaceOrientationLandscapeRight";
				LD_RUNPATH_SEARCH_PATHS = (
					"$(inherited)",
					"@executable_path/Frameworks",
				);
				MARKETING_VERSION = 1.0;
				PRODUCT_BUNDLE_IDENTIFIER = kr.ac.kumoh.ce.s20210603.S25W10MvvmSwiftUi;
				PRODUCT_NAME = "$(TARGET_NAME)";
				SWIFT_EMIT_LOC_STRINGS = YES;
				SWIFT_VERSION = 5.0;
				TARGETED_DEVICE_FAMILY = "1,2";
			};
			name = Debug;
		};
		C724DFBB2EC1C76E00B62E1C /* Release */ = {
			isa = XCBuildConfiguration;
			buildSettings = {
				ASSETCATALOG_COMPILER_APPICON_NAME = AppIcon;
				ASSETCATALOG_COMPILER_GLOBAL_ACCENT_COLOR_NAME = AccentColor;
				CODE_SIGN_STYLE = Automatic;
				CURRENT_PROJECT_VERSION = 1;
				DEVELOPMENT_ASSET_PATHS = "\"S25W10MvvmSwiftUi/Preview Content\"";
				DEVELOPMENT_TEAM = 5H5VV6695M;
				ENABLE_PREVIEWS = YES;
				GENERATE_INFOPLIST_FILE = YES;
				INFOPLIST_KEY_UIApplicationSceneManifest_Generation = YES;
				INFOPLIST_KEY_UIApplicationSupportsIndirectInputEvents = YES;
				INFOPLIST_KEY_UILaunchScreen_Generation = YES;
				INFOPLIST_KEY_UISupportedInterfaceOrientations_iPad = "UIInterfaceOrientationPortrait UIInterfaceOrientationPortraitUpsideDown UIInterfaceOrientationLandscapeLeft UIInterfaceOrientationLandscapeRight";
				INFOPLIST_KEY_UISupportedInterfaceOrientations_iPhone = "UIInterfaceOrientationPortrait UIInterfaceOrientationLandscapeLeft UIInterfaceOrientationLandscapeRight";
				LD_RUNPATH_SEARCH_PATHS = (
					"$(inherited)",
					"@executable_path/Frameworks",
				);
				MARKETING_VERSION = 1.0;
				PRODUCT_BUNDLE_IDENTIFIER = kr.ac.kumoh.ce.s20210603.S25W10MvvmSwiftUi;
				PRODUCT_NAME = "$(TARGET_NAME)";
				SWIFT_EMIT_LOC_STRINGS = YES;
				SWIFT_VERSION = 5.0;
				TARGETED_DEVICE_FAMILY = "1,2";
			};
			name = Release;
		};
		C724DFBD2EC1C76E00B62E1C /* Debug */ = {
			isa = XCBuildConfiguration;
			buildSettings = {
				BUNDLE_LOADER = "$(TEST_HOST)";
				CODE_SIGN_STYLE = Automatic;
				CURRENT_PROJECT_VERSION = 1;
				DEVELOPMENT_TEAM = 5H5VV6695M;
				GENERATE_INFOPLIST_FILE = YES;
				IPHONEOS_DEPLOYMENT_TARGET = 18.2;
				MARKETING_VERSION = 1.0;
				PRODUCT_BUNDLE_IDENTIFIER = kr.ac.kumoh.ce.s20210603.S25W10MvvmSwiftUiTests;
				PRODUCT_NAME = "$(TARGET_NAME)";
				SWIFT_EMIT_LOC_STRINGS = NO;
				SWIFT_VERSION = 5.0;
				TARGETED_DEVICE_FAMILY = "1,2";
				TEST_HOST = "$(BUILT_PRODUCTS_DIR)/S25W10MvvmSwiftUi.app/$(BUNDLE_EXECUTABLE_FOLDER_PATH)/S25W10MvvmSwiftUi";
			};
			name = Debug;
		};
		C724DFBE2EC1C76E00B62E1C /* Release */ = {
			isa = XCBuildConfiguration;
			buildSettings = {
				BUNDLE_LOADER = "$(TEST_HOST)";
				CODE_SIGN_STYLE = Automatic;
				CURRENT_PROJECT_VERSION = 1;
				DEVELOPMENT_TEAM = 5H5VV6695M;
				GENERATE_INFOPLIST_FILE = YES;
				IPHONEOS_DEPLOYMENT_TARGET = 18.2;
				MARKETING_VERSION = 1.0;
				PRODUCT_BUNDLE_IDENTIFIER = kr.ac.kumoh.ce.s20210603.S25W10MvvmSwiftUiTests;
				PRODUCT_NAME = "$(TARGET_NAME)";
				SWIFT_EMIT_LOC_STRINGS = NO;
				SWIFT_VERSION = 5.0;
				TARGETED_DEVICE_FAMILY = "1,2";
				TEST_HOST = "$(BUILT_PRODUCTS_DIR)/S25W10MvvmSwiftUi.app/$(BUNDLE_EXECUTABLE_FOLDER_PATH)/S25W10MvvmSwiftUi";
			};
			name = Release;
		};
		C724DFC02EC1C76E00B62E1C /* Debug */ = {
			isa = XCBuildConfiguration;
			buildSettings = {
				CODE_SIGN_STYLE = Automatic;
				CURRENT_PROJECT_VERSION = 1;
				DEVELOPMENT_TEAM = 5H5VV6695M;
				GENERATE_INFOPLIST_FILE = YES;
				MARKETING_VERSION = 1.0;
				PRODUCT_BUNDLE_IDENTIFIER = kr.ac.kumoh.ce.s20210603.S25W10MvvmSwiftUiUITests;
				PRODUCT_NAME = "$(TARGET_NAME)";
				SWIFT_EMIT_LOC_STRINGS = NO;
				SWIFT_VERSION = 5.0;
				TARGETED_DEVICE_FAMILY = "1,2";
				TEST_TARGET_NAME = S25W10MvvmSwiftUi;
			};
			name = Debug;
		};
		C724DFC12EC1C76E00B62E1C /* Release */ = {
			isa = XCBuildConfiguration;
			buildSettings = {
				CODE_SIGN_STYLE = Automatic;
				CURRENT_PROJECT_VERSION = 1;
				DEVELOPMENT_TEAM = 5H5VV6695M;
				GENERATE_INFOPLIST_FILE = YES;
				MARKETING_VERSION = 1.0;
				PRODUCT_BUNDLE_IDENTIFIER = kr.ac.kumoh.ce.s20210603.S25W10MvvmSwiftUiUITests;
				PRODUCT_NAME = "$(TARGET_NAME)";
				SWIFT_EMIT_LOC_STRINGS = NO;
				SWIFT_VERSION = 5.0;
				TARGETED_DEVICE_FAMILY = "1,2";
				TEST_TARGET_NAME = S25W10MvvmSwiftUi;
			};
			name = Release;
		};
/* End XCBuildConfiguration section */

/* Begin XCConfigurationList section */
		C724DF902EC1C76C00B62E1C /* Build configuration list for PBXProject "S25W10MvvmSwiftUi" */ = {
			isa = XCConfigurationList;
			buildConfigurations = (
				C724DFB72EC1C76E00B62E1C /* Debug */,
				C724DFB82EC1C76E00B62E1C /* Release */,
			);
			defaultConfigurationIsVisible = 0;
			defaultConfigurationName = Release;
		};
		C724DFB92EC1C76E00B62E1C /* Build configuration list for PBXNativeTarget "S25W10MvvmSwiftUi" */ = {
			isa = XCConfigurationList;
			buildConfigurations = (
				C724DFBA2EC1C76E00B62E1C /* Debug */,
				C724DFBB2EC1C76E00B62E1C /* Release */,
			);
			defaultConfigurationIsVisible = 0;
			defaultConfigurationName = Release;
		};
		C724DFBC2EC1C76E00B62E1C /* Build configuration list for PBXNativeTarget "S25W10MvvmSwiftUiTests" */ = {
			isa = XCConfigurationList;
			buildConfigurations = (
				C724DFBD2EC1C76E00B62E1C /* Debug */,
				C724DFBE2EC1C76E00B62E1C /* Release */,
			);
			defaultConfigurationIsVisible = 0;
			defaultConfigurationName = Release;
		};
		C724DFBF2EC1C76E00B62E1C /* Build configuration list for PBXNativeTarget "S25W10MvvmSwiftUiUITests" */ = {
			isa = XCConfigurationList;
			buildConfigurations = (
				C724DFC02EC1C76E00B62E1C /* Debug */,
				C724DFC12EC1C76E00B62E1C /* Release */,
			);
			defaultConfigurationIsVisible = 0;
			defaultConfigurationName = Release;
		};
/* End XCConfigurationList section */
	};
	rootObject = C724DF8D2EC1C76C00B62E1C /* Project object */;
}
